<?xml version="1.0" encoding="utf-8"?>
<Project ToolsVersion="4.0" xmlns="http://schemas.microsoft.com/developer/msbuild/2003">
  <ItemGroup>
    <ClCompile Include="customInclude\Main\app.cpp">
      <Filter>Source</Filter>
    </ClCompile>
    <ClCompile Include="customInclude\Classes\Directory.cpp">
      <Filter>Source</Filter>
    </ClCompile>
    <ClCompile Include="customInclude\Classes\File.cpp">
      <Filter>Source</Filter>
    </ClCompile>
    <ClCompile Include="customInclude\Functionality\Functions.cpp">
      <Filter>Source</Filter>
    </ClCompile>
    <ClCompile Include="main.cpp">
      <Filter>Source</Filter>
    </ClCompile>
    <ClCompile Include="imgui\cpp\imgui.cpp">
      <Filter>ImGui</Filter>
    </ClCompile>
    <ClCompile Include="imgui\cpp\imgui_draw.cpp">
      <Filter>ImGui</Filter>
    </ClCompile>
    <ClCompile Include="imgui\cpp\imgui_impl_glfw.cpp">
      <Filter>ImGui</Filter>
    </ClCompile>
    <ClCompile Include="imgui\cpp\imgui_impl_opengl3.cpp">
      <Filter>ImGui</Filter>
    </ClCompile>
    <ClCompile Include="imgui\cpp\imgui_tables.cpp">
      <Filter>ImGui</Filter>
    </ClCompile>
    <ClCompile Include="imgui\cpp\imgui_widgets.cpp">
      <Filter>ImGui</Filter>
    </ClCompile>
  </ItemGroup>
  <ItemGroup>
    <ClInclude Include="customInclude\Main\app.h">
      <Filter>Header</Filter>
    </ClInclude>
    <ClInclude Include="customInclude\Classes\Directory.h">
      <Filter>Header</Filter>
    </ClInclude>
    <ClInclude Include="customInclude\Classes\File.h">
      <Filter>Header</Filter>
    </ClInclude>
    <ClInclude Include="customInclude\Functionality\Functions.h">
      <Filter>Header</Filter>
    </ClInclude>
    <ClInclude Include="imgui\header\GLFW\glfw3.h">
      <Filter>ImGui</Filter>
    </ClInclude>
    <ClInclude Include="imgui\header\GLFW\glfw3native.h">
      <Filter>ImGui</Filter>
    </ClInclude>
    <ClInclude Include="imgui\header\imconfig.h">
      <Filter>ImGui</Filter>
    </ClInclude>
    <ClInclude Include="imgui\header\imgui.h">
      <Filter>ImGui</Filter>
    </ClInclude>
    <ClInclude Include="imgui\header\imgui_impl_glfw.h">
      <Filter>ImGui</Filter>
    </ClInclude>
    <ClInclude Include="imgui\header\imgui_impl_opengl3.h">
      <Filter>ImGui</Filter>
    </ClInclude>
    <ClInclude Include="imgui\header\imgui_impl_opengl3_loader.h">
      <Filter>ImGui</Filter>
    </ClInclude>
    <ClInclude Include="imgui\header\imgui_internal.h">
      <Filter>ImGui</Filter>
    </ClInclude>
    <ClInclude Include="imgui\header\imstb_rectpack.h">
      <Filter>ImGui</Filter>
    </ClInclude>
    <ClInclude Include="imgui\header\imstb_textedit.h">
      <Filter>ImGui</Filter>
    </ClInclude>
    <ClInclude Include="imgui\header\imstb_truetype.h">
      <Filter>ImGui</Filter>
    </ClInclude>
  </ItemGroup>
  <ItemGroup>
    <Filter Include="Source">
      <UniqueIdentifier>{267dd448-5135-4ec2-8f22-7dc44833cd9c}</UniqueIdentifier>
    </Filter>
    <Filter Include="Header">
      <UniqueIdentifier>{f551e675-beab-45d4-8973-868bd9933961}</UniqueIdentifier>
    </Filter>
    <Filter Include="ImGui">
      <UniqueIdentifier>{5d0952d3-bf49-4f64-9eed-c103f1b779b1}</UniqueIdentifier>
    </Filter>
  </ItemGroup>
</Project>