<?xml version="1.0" encoding="utf-8"?>
<Project ToolsVersion="4.0" xmlns="http://schemas.microsoft.com/developer/msbuild/2003">
  <ItemGroup>
    <ClCompile Include="customInclude\Classes\Directory.cpp" />
    <ClCompile Include="customInclude\Classes\File.cpp" />
    <ClCompile Include="customInclude\Functionality\Functions.cpp" />
    <ClCompile Include="customInclude\Main\app.cpp" />
    <ClCompile Include="imgui\cpp\imgui.cpp" />
    <ClCompile Include="imgui\cpp\imgui_draw.cpp" />
    <ClCompile Include="imgui\cpp\imgui_impl_glfw.cpp" />
    <ClCompile Include="imgui\cpp\imgui_impl_opengl3.cpp" />
    <ClCompile Include="imgui\cpp\imgui_tables.cpp" />
    <ClCompile Include="imgui\cpp\imgui_widgets.cpp" />
    <ClCompile Include="main.cpp" />
  </ItemGroup>
  <ItemGroup>
    <ClInclude Include="customInclude\Classes\Directory.h" />
    <ClInclude Include="customInclude\Classes\File.h" />
    <ClInclude Include="customInclude\Functionality\Functions.h" />
    <ClInclude Include="customInclude\Main\app.h" />
    <ClInclude Include="imgui\header\GLFW\glfw3.h" />
    <ClInclude Include="imgui\header\GLFW\glfw3native.h" />
    <ClInclude Include="imgui\header\imconfig.h" />
    <ClInclude Include="imgui\header\imgui.h" />
    <ClInclude Include="imgui\header\imgui_impl_glfw.h" />
    <ClInclude Include="imgui\header\imgui_impl_opengl3.h" />
    <ClInclude Include="imgui\header\imgui_impl_opengl3_loader.h" />
    <ClInclude Include="imgui\header\imgui_internal.h" />
    <ClInclude Include="imgui\header\imstb_rectpack.h" />
    <ClInclude Include="imgui\header\imstb_textedit.h" />
    <ClInclude Include="imgui\header\imstb_truetype.h" />
  </ItemGroup>
</Project>